
Microsoft Visual Studio Solution File, Format Version 12.00
# Visual Studio 15
VisualStudioVersion = 15.0.27703.2042
MinimumVisualStudioVersion = 10.0.40219.1
Project("{FAE04EC0-301F-11D3-BF4B-00C04F79EFBC}") = "microscope", "microscope\microscope.csproj", "{BAD40D63-AC5C-453E-9A1B-B08CF468B800}"
EndProject
Project("{FAE04EC0-301F-11D3-BF4B-00C04F79EFBC}") = "MVVMBase", "MVVMBase\MVVMBase.csproj", "{313C638F-320D-4F7E-ACA2-0628C6072A78}"
EndProject
Global
	GlobalSection(SolutionConfigurationPlatforms) = preSolution
		Debug|Any CPU = Debug|Any CPU
		Release|Any CPU = Release|Any CPU
	EndGlobalSection
	GlobalSection(ProjectConfigurationPlatforms) = postSolution
		{BAD40D63-AC5C-453E-9A1B-B08CF468B800}.Debug|Any CPU.ActiveCfg = Debug|Any CPU
		{BAD40D63-AC5C-453E-9A1B-B08CF468B800}.Debug|Any CPU.Build.0 = Debug|Any CPU
		{BAD40D63-AC5C-453E-9A1B-B08CF468B800}.Release|Any CPU.ActiveCfg = Release|Any CPU
		{BAD40D63-AC5C-453E-9A1B-B08CF468B800}.Release|Any CPU.Build.0 = Release|Any CPU
		{313C638F-320D-4F7E-ACA2-0628C6072A78}.Debug|Any CPU.ActiveCfg = Debug|Any CPU
		{313C638F-320D-4F7E-ACA2-0628C6072A78}.Debug|Any CPU.Build.0 = Debug|Any CPU
		{313C638F-320D-4F7E-ACA2-0628C6072A78}.Release|Any CPU.ActiveCfg = Release|Any CPU
		{313C638F-320D-4F7E-ACA2-0628C6072A78}.Release|Any CPU.Build.0 = Release|Any CPU
	EndGlobalSection
	GlobalSection(SolutionProperties) = preSolution
		HideSolutionNode = FALSE
	EndGlobalSection
	GlobalSection(ExtensibilityGlobals) = postSolution
		SolutionGuid = {DE76A053-DB63-40EF-9981-29304A79E96B}
	EndGlobalSection
EndGlobal
